
Microsoft Visual Studio Solution File, Format Version 12.00
# Visual Studio Version 17
VisualStudioVersion = 17.8.34330.188
MinimumVisualStudioVersion = 10.0.40219.1
Project("{FAE04EC0-301F-11D3-BF4B-00C04F79EFBC}") = "PokemonReviewApp", "PokemonReviewApp\PokemonReviewApp.csproj", "{198CAAD8-679F-4A36-A111-CE4B59A5623E}"
EndProject
Global
	GlobalSection(SolutionConfigurationPlatforms) = preSolution
		Debug|Any CPU = Debug|Any CPU
		Release|Any CPU = Release|Any CPU
	EndGlobalSection
	GlobalSection(ProjectConfigurationPlatforms) = postSolution
		{198CAAD8-679F-4A36-A111-CE4B59A5623E}.Debug|Any CPU.ActiveCfg = Debug|Any CPU
		{198CAAD8-679F-4A36-A111-CE4B59A5623E}.Debug|Any CPU.Build.0 = Debug|Any CPU
		{198CAAD8-679F-4A36-A111-CE4B59A5623E}.Release|Any CPU.ActiveCfg = Release|Any CPU
		{198CAAD8-679F-4A36-A111-CE4B59A5623E}.Release|Any CPU.Build.0 = Release|Any CPU
	EndGlobalSection
	GlobalSection(SolutionProperties) = preSolution
		HideSolutionNode = FALSE
	EndGlobalSection
	GlobalSection(ExtensibilityGlobals) = postSolution
		SolutionGuid = {3EB9449F-83D2-4C72-8ED9-D2F08FC5A86A}
	EndGlobalSection
EndGlobal
